
Microsoft Visual Studio Solution File, Format Version 12.00
# Visual Studio Version 17
VisualStudioVersion = 17.0.32014.148
MinimumVisualStudioVersion = 10.0.40219.1
Project("{FAE04EC0-301F-11D3-BF4B-00C04F79EFBC}") = "FinalProjectAssignment", "FinalProjectAssignment\FinalProjectAssignment.csproj", "{73A64152-0DE3-4C2B-AEC8-6AFC558D3C57}"
EndProject
Global
	GlobalSection(SolutionConfigurationPlatforms) = preSolution
		Debug|Any CPU = Debug|Any CPU
		Release|Any CPU = Release|Any CPU
	EndGlobalSection
	GlobalSection(ProjectConfigurationPlatforms) = postSolution
		{73A64152-0DE3-4C2B-AEC8-6AFC558D3C57}.Debug|Any CPU.ActiveCfg = Debug|Any CPU
		{73A64152-0DE3-4C2B-AEC8-6AFC558D3C57}.Debug|Any CPU.Build.0 = Debug|Any CPU
		{73A64152-0DE3-4C2B-AEC8-6AFC558D3C57}.Release|Any CPU.ActiveCfg = Release|Any CPU
		{73A64152-0DE3-4C2B-AEC8-6AFC558D3C57}.Release|Any CPU.Build.0 = Release|Any CPU
	EndGlobalSection
	GlobalSection(SolutionProperties) = preSolution
		HideSolutionNode = FALSE
	EndGlobalSection
	GlobalSection(ExtensibilityGlobals) = postSolution
		SolutionGuid = {1693C467-31D9-458F-AB62-4552558085D1}
	EndGlobalSection
EndGlobal
